
Microsoft Visual Studio Solution File, Format Version 12.00
# Visual Studio Version 17
VisualStudioVersion = 17.0.31903.59
MinimumVisualStudioVersion = 10.0.40219.1
Project("{9A19103F-16F7-4668-BE54-9A1E7A4F7556}") = "Host", "Host\Host.csproj", "{A9AA48C4-D9F9-413A-8F98-5FE41105F425}"
EndProject
Project("{2150E333-8FDC-42A3-9474-1A3956D46DE8}") = "Solution Items", "Solution Items", "{46BBDF74-64B0-441A-BD51-7F7C74E1E122}"
	ProjectSection(SolutionItems) = preProject
		.dockerignore = .dockerignore
		.gitattributes = .gitattributes
		.gitignore = .gitignore
		docker-compose.yml = docker-compose.yml
		README.md = README.md
	EndProjectSection
EndProject
Project("{9A19103F-16F7-4668-BE54-9A1E7A4F7556}") = "Host.Integration", "MockIntegration.Apis\Host.Integration.csproj", "{750BF808-603A-49AE-A579-A05ADDA7DA05}"
EndProject
Project("{9A19103F-16F7-4668-BE54-9A1E7A4F7556}") = "Order.Support", "Order.Console\Order.Support.csproj", "{466408EA-9709-4E8E-AE71-1077A5AAB934}"
EndProject
Global
	GlobalSection(SolutionConfigurationPlatforms) = preSolution
		Debug|Any CPU = Debug|Any CPU
		Release|Any CPU = Release|Any CPU
	EndGlobalSection
	GlobalSection(ProjectConfigurationPlatforms) = postSolution
		{A9AA48C4-D9F9-413A-8F98-5FE41105F425}.Debug|Any CPU.ActiveCfg = Debug|Any CPU
		{A9AA48C4-D9F9-413A-8F98-5FE41105F425}.Debug|Any CPU.Build.0 = Debug|Any CPU
		{A9AA48C4-D9F9-413A-8F98-5FE41105F425}.Release|Any CPU.ActiveCfg = Release|Any CPU
		{A9AA48C4-D9F9-413A-8F98-5FE41105F425}.Release|Any CPU.Build.0 = Release|Any CPU
		{750BF808-603A-49AE-A579-A05ADDA7DA05}.Debug|Any CPU.ActiveCfg = Debug|Any CPU
		{750BF808-603A-49AE-A579-A05ADDA7DA05}.Debug|Any CPU.Build.0 = Debug|Any CPU
		{750BF808-603A-49AE-A579-A05ADDA7DA05}.Release|Any CPU.ActiveCfg = Release|Any CPU
		{750BF808-603A-49AE-A579-A05ADDA7DA05}.Release|Any CPU.Build.0 = Release|Any CPU
		{466408EA-9709-4E8E-AE71-1077A5AAB934}.Debug|Any CPU.ActiveCfg = Debug|Any CPU
		{466408EA-9709-4E8E-AE71-1077A5AAB934}.Debug|Any CPU.Build.0 = Debug|Any CPU
		{466408EA-9709-4E8E-AE71-1077A5AAB934}.Release|Any CPU.ActiveCfg = Release|Any CPU
		{466408EA-9709-4E8E-AE71-1077A5AAB934}.Release|Any CPU.Build.0 = Release|Any CPU
	EndGlobalSection
	GlobalSection(SolutionProperties) = preSolution
		HideSolutionNode = FALSE
	EndGlobalSection
	GlobalSection(ExtensibilityGlobals) = postSolution
		SolutionGuid = {84CF16A6-EEBE-406A-A173-736280566078}
	EndGlobalSection
EndGlobal
