
Microsoft Visual Studio Solution File, Format Version 12.00
# Visual Studio Version 17
VisualStudioVersion = 17.0.31903.59
MinimumVisualStudioVersion = 10.0.40219.1
Project("{2150E333-8FDC-42A3-9474-1A3956D46DE8}") = "Solution Items", "Solution Items", "{46BBDF74-64B0-441A-BD51-7F7C74E1E122}"
	ProjectSection(SolutionItems) = preProject
		.dockerignore = .dockerignore
		.gitattributes = .gitattributes
		.gitignore = .gitignore
		docker-compose.yml = docker-compose.yml
		README.md = README.md
	EndProjectSection
EndProject
Project("{2150E333-8FDC-42A3-9474-1A3956D46DE8}") = "Booking", "Booking", "{D532EE58-E492-438C-BFF1-1DC84350AD06}"
EndProject
Project("{2150E333-8FDC-42A3-9474-1A3956D46DE8}") = "Ordering", "Ordering", "{6A6417C8-033D-4407-8E3D-553676290851}"
EndProject
Project("{2150E333-8FDC-42A3-9474-1A3956D46DE8}") = "Shared", "Shared", "{A4382F17-36F8-4643-A7DC-CB7C4868713D}"
EndProject
Project("{9A19103F-16F7-4668-BE54-9A1E7A4F7556}") = "Ordering.Host", "services\Ordering\Host\Ordering.Host.csproj", "{944CA398-E730-41AD-8D82-CB748FE8E28F}"
EndProject
Project("{9A19103F-16F7-4668-BE54-9A1E7A4F7556}") = "Booking.Host", "services\Booking\Host\Booking.Host.csproj", "{EAA1E099-BFA9-4C4D-91EC-C984F6808581}"
EndProject
Project("{2150E333-8FDC-42A3-9474-1A3956D46DE8}") = "Banking", "Banking", "{4F93C791-205E-4B64-9B10-92E73B8D860C}"
EndProject
Project("{9A19103F-16F7-4668-BE54-9A1E7A4F7556}") = "Banking.Host", "services\Banking\Host\Banking.Host.csproj", "{A0E27FB8-2A1C-4941-8FAE-DACB5B04890E}"
EndProject
Project("{9A19103F-16F7-4668-BE54-9A1E7A4F7556}") = "Banking.Worker", "services\Banking\Banking.EventManager\Banking.Worker.csproj", "{8EAE143D-E82F-4489-8B65-01E2AA1FD89A}"
EndProject
Project("{2150E333-8FDC-42A3-9474-1A3956D46DE8}") = "Test", "Test", "{9D5C30DF-C351-420B-9881-47DAB3321BD7}"
EndProject
Project("{9A19103F-16F7-4668-BE54-9A1E7A4F7556}") = "Ordering.Domain", "services\Ordering\Ordering.Domain\Ordering.Domain.csproj", "{BABCE127-C12C-43D6-A1A1-629366604E73}"
EndProject
Project("{9A19103F-16F7-4668-BE54-9A1E7A4F7556}") = "Ordering.Infrastructure", "services\Ordering\Ordering.Infrastructure\Ordering.Infrastructure.csproj", "{CDA76A5B-05A6-4B86-B467-12C277CAA6B8}"
EndProject
Project("{9A19103F-16F7-4668-BE54-9A1E7A4F7556}") = "Booking.Infrastructure", "services\Booking\Booking.Infrastructure\Booking.Infrastructure.csproj", "{4567CC5D-E60B-4637-B5C2-3B12C7E9A1A7}"
EndProject
Project("{9A19103F-16F7-4668-BE54-9A1E7A4F7556}") = "Booking.Domain", "services\Booking\Booking.Domain\Booking.Domain.csproj", "{B7FB97F3-156D-40FA-8B1C-3C39819435A1}"
EndProject
Project("{9A19103F-16F7-4668-BE54-9A1E7A4F7556}") = "Ordering.Application", "services\Ordering\Ordering.Application\Ordering.Application.csproj", "{90E8F983-B60E-4832-8284-81CA77AD3532}"
EndProject
Project("{FAE04EC0-301F-11D3-BF4B-00C04F79EFBC}") = "Ordering.Events", "shared\Shared.Events\Ordering.Events\Ordering.Events.csproj", "{A9A93337-1FD9-4F76-B800-65E75B03AE45}"
EndProject
Project("{FAE04EC0-301F-11D3-BF4B-00C04F79EFBC}") = "Ordering.Worker", "services\Ordering\Ordering.Worker\Ordering.Worker.csproj", "{29C67EFC-6B88-457E-8C79-43B4C3F54DDD}"
EndProject
Global
	GlobalSection(SolutionConfigurationPlatforms) = preSolution
		Debug|Any CPU = Debug|Any CPU
		Release|Any CPU = Release|Any CPU
	EndGlobalSection
	GlobalSection(ProjectConfigurationPlatforms) = postSolution
		{944CA398-E730-41AD-8D82-CB748FE8E28F}.Debug|Any CPU.ActiveCfg = Debug|Any CPU
		{944CA398-E730-41AD-8D82-CB748FE8E28F}.Debug|Any CPU.Build.0 = Debug|Any CPU
		{944CA398-E730-41AD-8D82-CB748FE8E28F}.Release|Any CPU.ActiveCfg = Release|Any CPU
		{944CA398-E730-41AD-8D82-CB748FE8E28F}.Release|Any CPU.Build.0 = Release|Any CPU
		{EAA1E099-BFA9-4C4D-91EC-C984F6808581}.Debug|Any CPU.ActiveCfg = Debug|Any CPU
		{EAA1E099-BFA9-4C4D-91EC-C984F6808581}.Debug|Any CPU.Build.0 = Debug|Any CPU
		{EAA1E099-BFA9-4C4D-91EC-C984F6808581}.Release|Any CPU.ActiveCfg = Release|Any CPU
		{EAA1E099-BFA9-4C4D-91EC-C984F6808581}.Release|Any CPU.Build.0 = Release|Any CPU
		{A0E27FB8-2A1C-4941-8FAE-DACB5B04890E}.Debug|Any CPU.ActiveCfg = Debug|Any CPU
		{A0E27FB8-2A1C-4941-8FAE-DACB5B04890E}.Debug|Any CPU.Build.0 = Debug|Any CPU
		{A0E27FB8-2A1C-4941-8FAE-DACB5B04890E}.Release|Any CPU.ActiveCfg = Release|Any CPU
		{A0E27FB8-2A1C-4941-8FAE-DACB5B04890E}.Release|Any CPU.Build.0 = Release|Any CPU
		{8EAE143D-E82F-4489-8B65-01E2AA1FD89A}.Debug|Any CPU.ActiveCfg = Debug|Any CPU
		{8EAE143D-E82F-4489-8B65-01E2AA1FD89A}.Debug|Any CPU.Build.0 = Debug|Any CPU
		{8EAE143D-E82F-4489-8B65-01E2AA1FD89A}.Release|Any CPU.ActiveCfg = Release|Any CPU
		{8EAE143D-E82F-4489-8B65-01E2AA1FD89A}.Release|Any CPU.Build.0 = Release|Any CPU
		{BABCE127-C12C-43D6-A1A1-629366604E73}.Debug|Any CPU.ActiveCfg = Debug|Any CPU
		{BABCE127-C12C-43D6-A1A1-629366604E73}.Debug|Any CPU.Build.0 = Debug|Any CPU
		{BABCE127-C12C-43D6-A1A1-629366604E73}.Release|Any CPU.ActiveCfg = Release|Any CPU
		{BABCE127-C12C-43D6-A1A1-629366604E73}.Release|Any CPU.Build.0 = Release|Any CPU
		{CDA76A5B-05A6-4B86-B467-12C277CAA6B8}.Debug|Any CPU.ActiveCfg = Debug|Any CPU
		{CDA76A5B-05A6-4B86-B467-12C277CAA6B8}.Debug|Any CPU.Build.0 = Debug|Any CPU
		{CDA76A5B-05A6-4B86-B467-12C277CAA6B8}.Release|Any CPU.ActiveCfg = Release|Any CPU
		{CDA76A5B-05A6-4B86-B467-12C277CAA6B8}.Release|Any CPU.Build.0 = Release|Any CPU
		{4567CC5D-E60B-4637-B5C2-3B12C7E9A1A7}.Debug|Any CPU.ActiveCfg = Debug|Any CPU
		{4567CC5D-E60B-4637-B5C2-3B12C7E9A1A7}.Debug|Any CPU.Build.0 = Debug|Any CPU
		{4567CC5D-E60B-4637-B5C2-3B12C7E9A1A7}.Release|Any CPU.ActiveCfg = Release|Any CPU
		{4567CC5D-E60B-4637-B5C2-3B12C7E9A1A7}.Release|Any CPU.Build.0 = Release|Any CPU
		{B7FB97F3-156D-40FA-8B1C-3C39819435A1}.Debug|Any CPU.ActiveCfg = Debug|Any CPU
		{B7FB97F3-156D-40FA-8B1C-3C39819435A1}.Debug|Any CPU.Build.0 = Debug|Any CPU
		{B7FB97F3-156D-40FA-8B1C-3C39819435A1}.Release|Any CPU.ActiveCfg = Release|Any CPU
		{B7FB97F3-156D-40FA-8B1C-3C39819435A1}.Release|Any CPU.Build.0 = Release|Any CPU
		{90E8F983-B60E-4832-8284-81CA77AD3532}.Debug|Any CPU.ActiveCfg = Debug|Any CPU
		{90E8F983-B60E-4832-8284-81CA77AD3532}.Debug|Any CPU.Build.0 = Debug|Any CPU
		{90E8F983-B60E-4832-8284-81CA77AD3532}.Release|Any CPU.ActiveCfg = Release|Any CPU
		{90E8F983-B60E-4832-8284-81CA77AD3532}.Release|Any CPU.Build.0 = Release|Any CPU
		{A9A93337-1FD9-4F76-B800-65E75B03AE45}.Debug|Any CPU.ActiveCfg = Debug|Any CPU
		{A9A93337-1FD9-4F76-B800-65E75B03AE45}.Debug|Any CPU.Build.0 = Debug|Any CPU
		{A9A93337-1FD9-4F76-B800-65E75B03AE45}.Release|Any CPU.ActiveCfg = Release|Any CPU
		{A9A93337-1FD9-4F76-B800-65E75B03AE45}.Release|Any CPU.Build.0 = Release|Any CPU
		{29C67EFC-6B88-457E-8C79-43B4C3F54DDD}.Debug|Any CPU.ActiveCfg = Debug|Any CPU
		{29C67EFC-6B88-457E-8C79-43B4C3F54DDD}.Debug|Any CPU.Build.0 = Debug|Any CPU
		{29C67EFC-6B88-457E-8C79-43B4C3F54DDD}.Release|Any CPU.ActiveCfg = Release|Any CPU
		{29C67EFC-6B88-457E-8C79-43B4C3F54DDD}.Release|Any CPU.Build.0 = Release|Any CPU
	EndGlobalSection
	GlobalSection(SolutionProperties) = preSolution
		HideSolutionNode = FALSE
	EndGlobalSection
	GlobalSection(NestedProjects) = preSolution
		{944CA398-E730-41AD-8D82-CB748FE8E28F} = {6A6417C8-033D-4407-8E3D-553676290851}
		{EAA1E099-BFA9-4C4D-91EC-C984F6808581} = {D532EE58-E492-438C-BFF1-1DC84350AD06}
		{A0E27FB8-2A1C-4941-8FAE-DACB5B04890E} = {4F93C791-205E-4B64-9B10-92E73B8D860C}
		{8EAE143D-E82F-4489-8B65-01E2AA1FD89A} = {4F93C791-205E-4B64-9B10-92E73B8D860C}
		{BABCE127-C12C-43D6-A1A1-629366604E73} = {6A6417C8-033D-4407-8E3D-553676290851}
		{CDA76A5B-05A6-4B86-B467-12C277CAA6B8} = {6A6417C8-033D-4407-8E3D-553676290851}
		{4567CC5D-E60B-4637-B5C2-3B12C7E9A1A7} = {D532EE58-E492-438C-BFF1-1DC84350AD06}
		{B7FB97F3-156D-40FA-8B1C-3C39819435A1} = {D532EE58-E492-438C-BFF1-1DC84350AD06}
		{90E8F983-B60E-4832-8284-81CA77AD3532} = {6A6417C8-033D-4407-8E3D-553676290851}
		{A9A93337-1FD9-4F76-B800-65E75B03AE45} = {A4382F17-36F8-4643-A7DC-CB7C4868713D}
		{29C67EFC-6B88-457E-8C79-43B4C3F54DDD} = {6A6417C8-033D-4407-8E3D-553676290851}
	EndGlobalSection
	GlobalSection(ExtensibilityGlobals) = postSolution
		SolutionGuid = {84CF16A6-EEBE-406A-A173-736280566078}
	EndGlobalSection
EndGlobal
